// !$*UTF8*$!
{
	archiveVersion = 1;
	classes = {
	};
	objectVersion = 50;
	objects = {

/* Begin PBXBuildFile section */
		AA1009A326E2CD9900D6F23B /* AssetsViewController.swift in Sources */ = {isa = PBXBuildFile; fileRef = AA1009A226E2CD9900D6F23B /* AssetsViewController.swift */; };
		AA1203DB283E7077009E68A8 /* NewExpensesViewController.swift in Sources */ = {isa = PBXBuildFile; fileRef = AA1203DA283E7077009E68A8 /* NewExpensesViewController.swift */; };
		AA61739726E411F200F6737F /* CoreData+Convenience.swift in Sources */ = {isa = PBXBuildFile; fileRef = AA61739626E411F200F6737F /* CoreData+Convenience.swift */; };
		AA61739926E411FC00F6737F /* CoreDataStack.swift in Sources */ = {isa = PBXBuildFile; fileRef = AA61739826E411FC00F6737F /* CoreDataStack.swift */; };
		AA61739B26E4165300F6737F /* AssetController.swift in Sources */ = {isa = PBXBuildFile; fileRef = AA61739A26E4165300F6737F /* AssetController.swift */; };
		AA61739D26E4166E00F6737F /* DebtController.swift in Sources */ = {isa = PBXBuildFile; fileRef = AA61739C26E4166E00F6737F /* DebtController.swift */; };
		AA61739F26E4167A00F6737F /* ExpenseController.swift in Sources */ = {isa = PBXBuildFile; fileRef = AA61739E26E4167A00F6737F /* ExpenseController.swift */; };
		AA6173A126E4168200F6737F /* IncomeController.swift in Sources */ = {isa = PBXBuildFile; fileRef = AA6173A026E4168200F6737F /* IncomeController.swift */; };
		AA6173A326E4168900F6737F /* PurchaseController.swift in Sources */ = {isa = PBXBuildFile; fileRef = AA6173A226E4168900F6737F /* PurchaseController.swift */; };
		AA6173A526E4168E00F6737F /* SavingController.swift in Sources */ = {isa = PBXBuildFile; fileRef = AA6173A426E4168E00F6737F /* SavingController.swift */; };
		AA6173A726E41A9E00F6737F /* Budget.swift in Sources */ = {isa = PBXBuildFile; fileRef = AA6173A626E41A9E00F6737F /* Budget.swift */; };
		AA899D0B26E7CD3700A93FCB /* DebtTableViewCell.swift in Sources */ = {isa = PBXBuildFile; fileRef = AA899D0A26E7CD3700A93FCB /* DebtTableViewCell.swift */; };
		AA899D0D26E7CFED00A93FCB /* DebtDetailViewController.swift in Sources */ = {isa = PBXBuildFile; fileRef = AA899D0C26E7CFED00A93FCB /* DebtDetailViewController.swift */; };
		AA899D1126E7EC3400A93FCB /* CloudKit.framework in Frameworks */ = {isa = PBXBuildFile; fileRef = AA899D1026E7EC3400A93FCB /* CloudKit.framework */; };
		AA990CD426EAD67A0044F1C7 /* GotPaidViewController.swift in Sources */ = {isa = PBXBuildFile; fileRef = AA990CD326EAD67A0044F1C7 /* GotPaidViewController.swift */; };
		AA990CD626EAD7AD0044F1C7 /* GotPaidTableViewCell.swift in Sources */ = {isa = PBXBuildFile; fileRef = AA990CD526EAD7AD0044F1C7 /* GotPaidTableViewCell.swift */; };
		AA9E803127F26CB600BF6A33 /* ExpensePaymentSourceViewController.swift in Sources */ = {isa = PBXBuildFile; fileRef = AA9E803027F26CB600BF6A33 /* ExpensePaymentSourceViewController.swift */; };
		AAA1744526E7CAE300125021 /* DebtViewController.swift in Sources */ = {isa = PBXBuildFile; fileRef = AAA1744426E7CAE300125021 /* DebtViewController.swift */; };
		AAABFA7226F1365700DDF6B3 /* ExpenseTableViewCell.swift in Sources */ = {isa = PBXBuildFile; fileRef = AAABFA7126F1365700DDF6B3 /* ExpenseTableViewCell.swift */; };
		AAB5385926E2989600081A28 /* AppDelegate.swift in Sources */ = {isa = PBXBuildFile; fileRef = AAB5385826E2989600081A28 /* AppDelegate.swift */; };
		AAB5385B26E2989600081A28 /* SceneDelegate.swift in Sources */ = {isa = PBXBuildFile; fileRef = AAB5385A26E2989600081A28 /* SceneDelegate.swift */; };
		AAB5386026E2989600081A28 /* Main.storyboard in Resources */ = {isa = PBXBuildFile; fileRef = AAB5385E26E2989600081A28 /* Main.storyboard */; };
		AAB5386326E2989700081A28 /* Budgeter.xcdatamodeld in Sources */ = {isa = PBXBuildFile; fileRef = AAB5386126E2989700081A28 /* Budgeter.xcdatamodeld */; };
		AAB5386526E2989700081A28 /* Assets.xcassets in Resources */ = {isa = PBXBuildFile; fileRef = AAB5386426E2989700081A28 /* Assets.xcassets */; };
		AAB5386826E2989700081A28 /* LaunchScreen.storyboard in Resources */ = {isa = PBXBuildFile; fileRef = AAB5386626E2989700081A28 /* LaunchScreen.storyboard */; };
		AAB5387826E29E9700081A28 /* GlobalFunctions.swift in Sources */ = {isa = PBXBuildFile; fileRef = AAB5387726E29E9700081A28 /* GlobalFunctions.swift */; };
		AAB5387A26E2A8A100081A28 /* BudgetViewController.swift in Sources */ = {isa = PBXBuildFile; fileRef = AAB5387926E2A8A100081A28 /* BudgetViewController.swift */; };
		AAB5388226E2ACDE00081A28 /* BudgetTableViewCell.swift in Sources */ = {isa = PBXBuildFile; fileRef = AAB5388126E2ACDE00081A28 /* BudgetTableViewCell.swift */; };
		AAB5388426E2AE1C00081A28 /* PurchaseDetailViewController.swift in Sources */ = {isa = PBXBuildFile; fileRef = AAB5388326E2AE1C00081A28 /* PurchaseDetailViewController.swift */; };
		AAB5388C26E2C56800081A28 /* IncomeViewController.swift in Sources */ = {isa = PBXBuildFile; fileRef = AAB5388B26E2C56800081A28 /* IncomeViewController.swift */; };
		AAB5388E26E2C57B00081A28 /* SavingsViewController.swift in Sources */ = {isa = PBXBuildFile; fileRef = AAB5388D26E2C57B00081A28 /* SavingsViewController.swift */; };
		AAB5389026E2C58400081A28 /* ExpensesViewController.swift in Sources */ = {isa = PBXBuildFile; fileRef = AAB5388F26E2C58400081A28 /* ExpensesViewController.swift */; };
		AAB5389226E2C5AF00081A28 /* IncomeDetailViewController.swift in Sources */ = {isa = PBXBuildFile; fileRef = AAB5389126E2C5AF00081A28 /* IncomeDetailViewController.swift */; };
		AAB5389426E2C5B600081A28 /* SavingsDetailViewController.swift in Sources */ = {isa = PBXBuildFile; fileRef = AAB5389326E2C5B600081A28 /* SavingsDetailViewController.swift */; };
		AAB5389626E2C5BC00081A28 /* ExpenseDetailViewController.swift in Sources */ = {isa = PBXBuildFile; fileRef = AAB5389526E2C5BC00081A28 /* ExpenseDetailViewController.swift */; };
		AAB9FE2226EFBC6100AF51B9 /* BudgetController.swift in Sources */ = {isa = PBXBuildFile; fileRef = AAB9FE2126EFBC6100AF51B9 /* BudgetController.swift */; };
/* End PBXBuildFile section */

/* Begin PBXFileReference section */
		AA1009A226E2CD9900D6F23B /* AssetsViewController.swift */ = {isa = PBXFileReference; lastKnownFileType = sourcecode.swift; path = AssetsViewController.swift; sourceTree = "<group>"; };
		AA1203DA283E7077009E68A8 /* NewExpensesViewController.swift */ = {isa = PBXFileReference; lastKnownFileType = sourcecode.swift; path = NewExpensesViewController.swift; sourceTree = "<group>"; };
		AA61739626E411F200F6737F /* CoreData+Convenience.swift */ = {isa = PBXFileReference; lastKnownFileType = sourcecode.swift; path = "CoreData+Convenience.swift"; sourceTree = "<group>"; };
		AA61739826E411FC00F6737F /* CoreDataStack.swift */ = {isa = PBXFileReference; lastKnownFileType = sourcecode.swift; path = CoreDataStack.swift; sourceTree = "<group>"; };
		AA61739A26E4165300F6737F /* AssetController.swift */ = {isa = PBXFileReference; lastKnownFileType = sourcecode.swift; path = AssetController.swift; sourceTree = "<group>"; };
		AA61739C26E4166E00F6737F /* DebtController.swift */ = {isa = PBXFileReference; lastKnownFileType = sourcecode.swift; path = DebtController.swift; sourceTree = "<group>"; };
		AA61739E26E4167A00F6737F /* ExpenseController.swift */ = {isa = PBXFileReference; lastKnownFileType = sourcecode.swift; path = ExpenseController.swift; sourceTree = "<group>"; };
		AA6173A026E4168200F6737F /* IncomeController.swift */ = {isa = PBXFileReference; lastKnownFileType = sourcecode.swift; path = IncomeController.swift; sourceTree = "<group>"; };
		AA6173A226E4168900F6737F /* PurchaseController.swift */ = {isa = PBXFileReference; lastKnownFileType = sourcecode.swift; path = PurchaseController.swift; sourceTree = "<group>"; };
		AA6173A426E4168E00F6737F /* SavingController.swift */ = {isa = PBXFileReference; lastKnownFileType = sourcecode.swift; path = SavingController.swift; sourceTree = "<group>"; };
		AA6173A626E41A9E00F6737F /* Budget.swift */ = {isa = PBXFileReference; lastKnownFileType = sourcecode.swift; path = Budget.swift; sourceTree = "<group>"; };
		AA899D0A26E7CD3700A93FCB /* DebtTableViewCell.swift */ = {isa = PBXFileReference; lastKnownFileType = sourcecode.swift; path = DebtTableViewCell.swift; sourceTree = "<group>"; };
		AA899D0C26E7CFED00A93FCB /* DebtDetailViewController.swift */ = {isa = PBXFileReference; lastKnownFileType = sourcecode.swift; path = DebtDetailViewController.swift; sourceTree = "<group>"; };
		AA899D0E26E7EC3000A93FCB /* Budgeter.entitlements */ = {isa = PBXFileReference; lastKnownFileType = text.plist.entitlements; path = Budgeter.entitlements; sourceTree = "<group>"; };
		AA899D1026E7EC3400A93FCB /* CloudKit.framework */ = {isa = PBXFileReference; lastKnownFileType = wrapper.framework; name = CloudKit.framework; path = System/Library/Frameworks/CloudKit.framework; sourceTree = SDKROOT; };
		AA990CD326EAD67A0044F1C7 /* GotPaidViewController.swift */ = {isa = PBXFileReference; lastKnownFileType = sourcecode.swift; path = GotPaidViewController.swift; sourceTree = "<group>"; };
		AA990CD526EAD7AD0044F1C7 /* GotPaidTableViewCell.swift */ = {isa = PBXFileReference; lastKnownFileType = sourcecode.swift; path = GotPaidTableViewCell.swift; sourceTree = "<group>"; };
		AA9E803027F26CB600BF6A33 /* ExpensePaymentSourceViewController.swift */ = {isa = PBXFileReference; lastKnownFileType = sourcecode.swift; path = ExpensePaymentSourceViewController.swift; sourceTree = "<group>"; };
		AAA1744426E7CAE300125021 /* DebtViewController.swift */ = {isa = PBXFileReference; lastKnownFileType = sourcecode.swift; path = DebtViewController.swift; sourceTree = "<group>"; };
		AAABFA7126F1365700DDF6B3 /* ExpenseTableViewCell.swift */ = {isa = PBXFileReference; lastKnownFileType = sourcecode.swift; path = ExpenseTableViewCell.swift; sourceTree = "<group>"; };
		AAB5385526E2989600081A28 /* Budgeter.app */ = {isa = PBXFileReference; explicitFileType = wrapper.application; includeInIndex = 0; path = Budgeter.app; sourceTree = BUILT_PRODUCTS_DIR; };
		AAB5385826E2989600081A28 /* AppDelegate.swift */ = {isa = PBXFileReference; lastKnownFileType = sourcecode.swift; path = AppDelegate.swift; sourceTree = "<group>"; };
		AAB5385A26E2989600081A28 /* SceneDelegate.swift */ = {isa = PBXFileReference; lastKnownFileType = sourcecode.swift; path = SceneDelegate.swift; sourceTree = "<group>"; };
		AAB5385F26E2989600081A28 /* Base */ = {isa = PBXFileReference; lastKnownFileType = file.storyboard; name = Base; path = Base.lproj/Main.storyboard; sourceTree = "<group>"; };
		AAB5386226E2989700081A28 /* Budgeter.xcdatamodel */ = {isa = PBXFileReference; lastKnownFileType = wrapper.xcdatamodel; path = Budgeter.xcdatamodel; sourceTree = "<group>"; };
		AAB5386426E2989700081A28 /* Assets.xcassets */ = {isa = PBXFileReference; lastKnownFileType = folder.assetcatalog; path = Assets.xcassets; sourceTree = "<group>"; };
		AAB5386726E2989700081A28 /* Base */ = {isa = PBXFileReference; lastKnownFileType = file.storyboard; name = Base; path = Base.lproj/LaunchScreen.storyboard; sourceTree = "<group>"; };
		AAB5386926E2989700081A28 /* Info.plist */ = {isa = PBXFileReference; lastKnownFileType = text.plist.xml; path = Info.plist; sourceTree = "<group>"; };
		AAB5387726E29E9700081A28 /* GlobalFunctions.swift */ = {isa = PBXFileReference; lastKnownFileType = sourcecode.swift; path = GlobalFunctions.swift; sourceTree = "<group>"; };
		AAB5387926E2A8A100081A28 /* BudgetViewController.swift */ = {isa = PBXFileReference; lastKnownFileType = sourcecode.swift; path = BudgetViewController.swift; sourceTree = "<group>"; };
		AAB5388126E2ACDE00081A28 /* BudgetTableViewCell.swift */ = {isa = PBXFileReference; lastKnownFileType = sourcecode.swift; path = BudgetTableViewCell.swift; sourceTree = "<group>"; };
		AAB5388326E2AE1C00081A28 /* PurchaseDetailViewController.swift */ = {isa = PBXFileReference; lastKnownFileType = sourcecode.swift; path = PurchaseDetailViewController.swift; sourceTree = "<group>"; };
		AAB5388B26E2C56800081A28 /* IncomeViewController.swift */ = {isa = PBXFileReference; lastKnownFileType = sourcecode.swift; path = IncomeViewController.swift; sourceTree = "<group>"; };
		AAB5388D26E2C57B00081A28 /* SavingsViewController.swift */ = {isa = PBXFileReference; lastKnownFileType = sourcecode.swift; path = SavingsViewController.swift; sourceTree = "<group>"; };
		AAB5388F26E2C58400081A28 /* ExpensesViewController.swift */ = {isa = PBXFileReference; lastKnownFileType = sourcecode.swift; path = ExpensesViewController.swift; sourceTree = "<group>"; };
		AAB5389126E2C5AF00081A28 /* IncomeDetailViewController.swift */ = {isa = PBXFileReference; lastKnownFileType = sourcecode.swift; path = IncomeDetailViewController.swift; sourceTree = "<group>"; };
		AAB5389326E2C5B600081A28 /* SavingsDetailViewController.swift */ = {isa = PBXFileReference; lastKnownFileType = sourcecode.swift; path = SavingsDetailViewController.swift; sourceTree = "<group>"; };
		AAB5389526E2C5BC00081A28 /* ExpenseDetailViewController.swift */ = {isa = PBXFileReference; lastKnownFileType = sourcecode.swift; path = ExpenseDetailViewController.swift; sourceTree = "<group>"; };
		AAB9FE2126EFBC6100AF51B9 /* BudgetController.swift */ = {isa = PBXFileReference; lastKnownFileType = sourcecode.swift; path = BudgetController.swift; sourceTree = "<group>"; };
/* End PBXFileReference section */

/* Begin PBXFrameworksBuildPhase section */
		AAB5385226E2989600081A28 /* Frameworks */ = {
			isa = PBXFrameworksBuildPhase;
			buildActionMask = 2147483647;
			files = (
				AA899D1126E7EC3400A93FCB /* CloudKit.framework in Frameworks */,
			);
			runOnlyForDeploymentPostprocessing = 0;
		};
/* End PBXFrameworksBuildPhase section */

/* Begin PBXGroup section */
		AA1009A126E2CD8C00D6F23B /* Portfolio */ = {
			isa = PBXGroup;
			children = (
				AA1009A226E2CD9900D6F23B /* AssetsViewController.swift */,
				AAABFA7026F1355000DDF6B3 /* Debt */,
			);
			path = Portfolio;
			sourceTree = "<group>";
		};
		AA899D0F26E7EC3400A93FCB /* Frameworks */ = {
			isa = PBXGroup;
			children = (
				AA899D1026E7EC3400A93FCB /* CloudKit.framework */,
			);
			name = Frameworks;
			sourceTree = "<group>";
		};
		AAABFA7026F1355000DDF6B3 /* Debt */ = {
			isa = PBXGroup;
			children = (
				AAA1744426E7CAE300125021 /* DebtViewController.swift */,
				AA899D0A26E7CD3700A93FCB /* DebtTableViewCell.swift */,
				AA899D0C26E7CFED00A93FCB /* DebtDetailViewController.swift */,
			);
			path = Debt;
			sourceTree = "<group>";
		};
		AAB5384C26E2989600081A28 = {
			isa = PBXGroup;
			children = (
				AAB5385726E2989600081A28 /* Budgeter */,
				AAB5385626E2989600081A28 /* Products */,
				AA899D0F26E7EC3400A93FCB /* Frameworks */,
			);
			sourceTree = "<group>";
		};
		AAB5385626E2989600081A28 /* Products */ = {
			isa = PBXGroup;
			children = (
				AAB5385526E2989600081A28 /* Budgeter.app */,
			);
			name = Products;
			sourceTree = "<group>";
		};
		AAB5385726E2989600081A28 /* Budgeter */ = {
			isa = PBXGroup;
			children = (
				AA899D0E26E7EC3000A93FCB /* Budgeter.entitlements */,
				AAB5387126E29DB800081A28 /* Core Data and Models */,
				AAB5387326E29DCB00081A28 /* Model Controllers */,
				AAB5387226E29DC500081A28 /* View Controllers */,
				AAB5387026E29DB000081A28 /* Storyboards */,
				AAB5387626E29E8800081A28 /* Helpers */,
				AAB5386F26E29D8C00081A28 /* Resources */,
			);
			path = Budgeter;
			sourceTree = "<group>";
		};
		AAB5386F26E29D8C00081A28 /* Resources */ = {
			isa = PBXGroup;
			children = (
				AAB5385826E2989600081A28 /* AppDelegate.swift */,
				AAB5385A26E2989600081A28 /* SceneDelegate.swift */,
				AAB5386426E2989700081A28 /* Assets.xcassets */,
				AAB5386926E2989700081A28 /* Info.plist */,
			);
			path = Resources;
			sourceTree = "<group>";
		};
		AAB5387026E29DB000081A28 /* Storyboards */ = {
			isa = PBXGroup;
			children = (
				AAB5385E26E2989600081A28 /* Main.storyboard */,
				AAB5386626E2989700081A28 /* LaunchScreen.storyboard */,
			);
			path = Storyboards;
			sourceTree = "<group>";
		};
		AAB5387126E29DB800081A28 /* Core Data and Models */ = {
			isa = PBXGroup;
			children = (
				AAB5386126E2989700081A28 /* Budgeter.xcdatamodeld */,
				AA61739826E411FC00F6737F /* CoreDataStack.swift */,
				AA61739626E411F200F6737F /* CoreData+Convenience.swift */,
				AA6173A626E41A9E00F6737F /* Budget.swift */,
			);
			path = "Core Data and Models";
			sourceTree = "<group>";
		};
		AAB5387226E29DC500081A28 /* View Controllers */ = {
			isa = PBXGroup;
			children = (
				AAB5388026E2AC8B00081A28 /* Budget */,
				AA1009A126E2CD8C00D6F23B /* Portfolio */,
			);
			path = "View Controllers";
			sourceTree = "<group>";
		};
		AAB5387326E29DCB00081A28 /* Model Controllers */ = {
			isa = PBXGroup;
			children = (
				AA61739A26E4165300F6737F /* AssetController.swift */,
				AA61739C26E4166E00F6737F /* DebtController.swift */,
				AA61739E26E4167A00F6737F /* ExpenseController.swift */,
				AA6173A026E4168200F6737F /* IncomeController.swift */,
				AA6173A226E4168900F6737F /* PurchaseController.swift */,
				AA6173A426E4168E00F6737F /* SavingController.swift */,
				AAB9FE2126EFBC6100AF51B9 /* BudgetController.swift */,
			);
			path = "Model Controllers";
			sourceTree = "<group>";
		};
		AAB5387626E29E8800081A28 /* Helpers */ = {
			isa = PBXGroup;
			children = (
				AAB5387726E29E9700081A28 /* GlobalFunctions.swift */,
			);
			path = Helpers;
			sourceTree = "<group>";
		};
		AAB5388026E2AC8B00081A28 /* Budget */ = {
			isa = PBXGroup;
			children = (
				AAB5387926E2A8A100081A28 /* BudgetViewController.swift */,
				AAB5388126E2ACDE00081A28 /* BudgetTableViewCell.swift */,
				AAB5388326E2AE1C00081A28 /* PurchaseDetailViewController.swift */,
				AAB5388826E2C52300081A28 /* Income */,
				AAB5388926E2C53000081A28 /* Savings */,
				AAB5388A26E2C53900081A28 /* Expenses */,
			);
			path = Budget;
			sourceTree = "<group>";
		};
		AAB5388826E2C52300081A28 /* Income */ = {
			isa = PBXGroup;
			children = (
				AAB5388B26E2C56800081A28 /* IncomeViewController.swift */,
				AAB5389126E2C5AF00081A28 /* IncomeDetailViewController.swift */,
			);
			path = Income;
			sourceTree = "<group>";
		};
		AAB5388926E2C53000081A28 /* Savings */ = {
			isa = PBXGroup;
			children = (
				AAB5388D26E2C57B00081A28 /* SavingsViewController.swift */,
				AAB5389326E2C5B600081A28 /* SavingsDetailViewController.swift */,
				AA990CD326EAD67A0044F1C7 /* GotPaidViewController.swift */,
				AA990CD526EAD7AD0044F1C7 /* GotPaidTableViewCell.swift */,
			);
			path = Savings;
			sourceTree = "<group>";
		};
		AAB5388A26E2C53900081A28 /* Expenses */ = {
			isa = PBXGroup;
			children = (
				AAB5388F26E2C58400081A28 /* ExpensesViewController.swift */,
				AA1203DA283E7077009E68A8 /* NewExpensesViewController.swift */,
				AAABFA7126F1365700DDF6B3 /* ExpenseTableViewCell.swift */,
				AAB5389526E2C5BC00081A28 /* ExpenseDetailViewController.swift */,
				AA9E803027F26CB600BF6A33 /* ExpensePaymentSourceViewController.swift */,
			);
			path = Expenses;
			sourceTree = "<group>";
		};
/* End PBXGroup section */

/* Begin PBXNativeTarget section */
		AAB5385426E2989600081A28 /* Budgeter */ = {
			isa = PBXNativeTarget;
			buildConfigurationList = AAB5386C26E2989700081A28 /* Build configuration list for PBXNativeTarget "Budgeter" */;
			buildPhases = (
				AAB5385126E2989600081A28 /* Sources */,
				AAB5385226E2989600081A28 /* Frameworks */,
				AAB5385326E2989600081A28 /* Resources */,
			);
			buildRules = (
			);
			dependencies = (
			);
			name = Budgeter;
			productName = Budgeter;
			productReference = AAB5385526E2989600081A28 /* Budgeter.app */;
			productType = "com.apple.product-type.application";
		};
/* End PBXNativeTarget section */

/* Begin PBXProject section */
		AAB5384D26E2989600081A28 /* Project object */ = {
			isa = PBXProject;
			attributes = {
				LastSwiftUpdateCheck = 1250;
				LastUpgradeCheck = 1250;
				TargetAttributes = {
					AAB5385426E2989600081A28 = {
						CreatedOnToolsVersion = 12.5.1;
					};
				};
			};
			buildConfigurationList = AAB5385026E2989600081A28 /* Build configuration list for PBXProject "Budgeter" */;
			compatibilityVersion = "Xcode 9.3";
			developmentRegion = en;
			hasScannedForEncodings = 0;
			knownRegions = (
				en,
				Base,
			);
			mainGroup = AAB5384C26E2989600081A28;
			productRefGroup = AAB5385626E2989600081A28 /* Products */;
			projectDirPath = "";
			projectRoot = "";
			targets = (
				AAB5385426E2989600081A28 /* Budgeter */,
			);
		};
/* End PBXProject section */

/* Begin PBXResourcesBuildPhase section */
		AAB5385326E2989600081A28 /* Resources */ = {
			isa = PBXResourcesBuildPhase;
			buildActionMask = 2147483647;
			files = (
				AAB5386826E2989700081A28 /* LaunchScreen.storyboard in Resources */,
				AAB5386526E2989700081A28 /* Assets.xcassets in Resources */,
				AAB5386026E2989600081A28 /* Main.storyboard in Resources */,
			);
			runOnlyForDeploymentPostprocessing = 0;
		};
/* End PBXResourcesBuildPhase section */

/* Begin PBXSourcesBuildPhase section */
		AAB5385126E2989600081A28 /* Sources */ = {
			isa = PBXSourcesBuildPhase;
			buildActionMask = 2147483647;
			files = (
				AAABFA7226F1365700DDF6B3 /* ExpenseTableViewCell.swift in Sources */,
				AAB5389226E2C5AF00081A28 /* IncomeDetailViewController.swift in Sources */,
				AAB5389626E2C5BC00081A28 /* ExpenseDetailViewController.swift in Sources */,
				AA61739926E411FC00F6737F /* CoreDataStack.swift in Sources */,
				AA6173A526E4168E00F6737F /* SavingController.swift in Sources */,
				AAB5387A26E2A8A100081A28 /* BudgetViewController.swift in Sources */,
				AAA1744526E7CAE300125021 /* DebtViewController.swift in Sources */,
				AA990CD626EAD7AD0044F1C7 /* GotPaidTableViewCell.swift in Sources */,
				AAB5388426E2AE1C00081A28 /* PurchaseDetailViewController.swift in Sources */,
				AA9E803127F26CB600BF6A33 /* ExpensePaymentSourceViewController.swift in Sources */,
				AA61739B26E4165300F6737F /* AssetController.swift in Sources */,
				AAB5388E26E2C57B00081A28 /* SavingsViewController.swift in Sources */,
				AAB5385926E2989600081A28 /* AppDelegate.swift in Sources */,
				AA990CD426EAD67A0044F1C7 /* GotPaidViewController.swift in Sources */,
				AA1203DB283E7077009E68A8 /* NewExpensesViewController.swift in Sources */,
				AAB5389426E2C5B600081A28 /* SavingsDetailViewController.swift in Sources */,
				AA6173A726E41A9E00F6737F /* Budget.swift in Sources */,
				AA899D0D26E7CFED00A93FCB /* DebtDetailViewController.swift in Sources */,
				AA61739726E411F200F6737F /* CoreData+Convenience.swift in Sources */,
				AAB9FE2226EFBC6100AF51B9 /* BudgetController.swift in Sources */,
				AAB5387826E29E9700081A28 /* GlobalFunctions.swift in Sources */,
				AA1009A326E2CD9900D6F23B /* AssetsViewController.swift in Sources */,
				AA6173A126E4168200F6737F /* IncomeController.swift in Sources */,
				AA6173A326E4168900F6737F /* PurchaseController.swift in Sources */,
				AA899D0B26E7CD3700A93FCB /* DebtTableViewCell.swift in Sources */,
				AAB5385B26E2989600081A28 /* SceneDelegate.swift in Sources */,
				AAB5388226E2ACDE00081A28 /* BudgetTableViewCell.swift in Sources */,
				AAB5388C26E2C56800081A28 /* IncomeViewController.swift in Sources */,
				AAB5389026E2C58400081A28 /* ExpensesViewController.swift in Sources */,
				AA61739F26E4167A00F6737F /* ExpenseController.swift in Sources */,
				AA61739D26E4166E00F6737F /* DebtController.swift in Sources */,
				AAB5386326E2989700081A28 /* Budgeter.xcdatamodeld in Sources */,
			);
			runOnlyForDeploymentPostprocessing = 0;
		};
/* End PBXSourcesBuildPhase section */

/* Begin PBXVariantGroup section */
		AAB5385E26E2989600081A28 /* Main.storyboard */ = {
			isa = PBXVariantGroup;
			children = (
				AAB5385F26E2989600081A28 /* Base */,
			);
			name = Main.storyboard;
			sourceTree = "<group>";
		};
		AAB5386626E2989700081A28 /* LaunchScreen.storyboard */ = {
			isa = PBXVariantGroup;
			children = (
				AAB5386726E2989700081A28 /* Base */,
			);
			name = LaunchScreen.storyboard;
			sourceTree = "<group>";
		};
/* End PBXVariantGroup section */

/* Begin XCBuildConfiguration section */
		AAB5386A26E2989700081A28 /* Debug */ = {
			isa = XCBuildConfiguration;
			buildSettings = {
				ALWAYS_SEARCH_USER_PATHS = NO;
				CLANG_ANALYZER_NONNULL = YES;
				CLANG_ANALYZER_NUMBER_OBJECT_CONVERSION = YES_AGGRESSIVE;
				CLANG_CXX_LANGUAGE_STANDARD = "gnu++14";
				CLANG_CXX_LIBRARY = "libc++";
				CLANG_ENABLE_MODULES = YES;
				CLANG_ENABLE_OBJC_ARC = YES;
				CLANG_ENABLE_OBJC_WEAK = YES;
				CLANG_WARN_BLOCK_CAPTURE_AUTORELEASING = YES;
				CLANG_WARN_BOOL_CONVERSION = YES;
				CLANG_WARN_COMMA = YES;
				CLANG_WARN_CONSTANT_CONVERSION = YES;
				CLANG_WARN_DEPRECATED_OBJC_IMPLEMENTATIONS = YES;
				CLANG_WARN_DIRECT_OBJC_ISA_USAGE = YES_ERROR;
				CLANG_WARN_DOCUMENTATION_COMMENTS = YES;
				CLANG_WARN_EMPTY_BODY = YES;
				CLANG_WARN_ENUM_CONVERSION = YES;
				CLANG_WARN_INFINITE_RECURSION = YES;
				CLANG_WARN_INT_CONVERSION = YES;
				CLANG_WARN_NON_LITERAL_NULL_CONVERSION = YES;
				CLANG_WARN_OBJC_IMPLICIT_RETAIN_SELF = YES;
				CLANG_WARN_OBJC_LITERAL_CONVERSION = YES;
				CLANG_WARN_OBJC_ROOT_CLASS = YES_ERROR;
				CLANG_WARN_QUOTED_INCLUDE_IN_FRAMEWORK_HEADER = YES;
				CLANG_WARN_RANGE_LOOP_ANALYSIS = YES;
				CLANG_WARN_STRICT_PROTOTYPES = YES;
				CLANG_WARN_SUSPICIOUS_MOVE = YES;
				CLANG_WARN_UNGUARDED_AVAILABILITY = YES_AGGRESSIVE;
				CLANG_WARN_UNREACHABLE_CODE = YES;
				CLANG_WARN__DUPLICATE_METHOD_MATCH = YES;
				COPY_PHASE_STRIP = NO;
				DEBUG_INFORMATION_FORMAT = dwarf;
				ENABLE_STRICT_OBJC_MSGSEND = YES;
				ENABLE_TESTABILITY = YES;
				GCC_C_LANGUAGE_STANDARD = gnu11;
				GCC_DYNAMIC_NO_PIC = NO;
				GCC_NO_COMMON_BLOCKS = YES;
				GCC_OPTIMIZATION_LEVEL = 0;
				GCC_PREPROCESSOR_DEFINITIONS = (
					"DEBUG=1",
					"$(inherited)",
				);
				GCC_WARN_64_TO_32_BIT_CONVERSION = YES;
				GCC_WARN_ABOUT_RETURN_TYPE = YES_ERROR;
				GCC_WARN_UNDECLARED_SELECTOR = YES;
				GCC_WARN_UNINITIALIZED_AUTOS = YES_AGGRESSIVE;
				GCC_WARN_UNUSED_FUNCTION = YES;
				GCC_WARN_UNUSED_VARIABLE = YES;
				IPHONEOS_DEPLOYMENT_TARGET = 14.5;
				MTL_ENABLE_DEBUG_INFO = INCLUDE_SOURCE;
				MTL_FAST_MATH = YES;
				ONLY_ACTIVE_ARCH = YES;
				SDKROOT = iphoneos;
				SWIFT_ACTIVE_COMPILATION_CONDITIONS = DEBUG;
				SWIFT_OPTIMIZATION_LEVEL = "-Onone";
			};
			name = Debug;
		};
		AAB5386B26E2989700081A28 /* Release */ = {
			isa = XCBuildConfiguration;
			buildSettings = {
				ALWAYS_SEARCH_USER_PATHS = NO;
				CLANG_ANALYZER_NONNULL = YES;
				CLANG_ANALYZER_NUMBER_OBJECT_CONVERSION = YES_AGGRESSIVE;
				CLANG_CXX_LANGUAGE_STANDARD = "gnu++14";
				CLANG_CXX_LIBRARY = "libc++";
				CLANG_ENABLE_MODULES = YES;
				CLANG_ENABLE_OBJC_ARC = YES;
				CLANG_ENABLE_OBJC_WEAK = YES;
				CLANG_WARN_BLOCK_CAPTURE_AUTORELEASING = YES;
				CLANG_WARN_BOOL_CONVERSION = YES;
				CLANG_WARN_COMMA = YES;
				CLANG_WARN_CONSTANT_CONVERSION = YES;
				CLANG_WARN_DEPRECATED_OBJC_IMPLEMENTATIONS = YES;
				CLANG_WARN_DIRECT_OBJC_ISA_USAGE = YES_ERROR;
				CLANG_WARN_DOCUMENTATION_COMMENTS = YES;
				CLANG_WARN_EMPTY_BODY = YES;
				CLANG_WARN_ENUM_CONVERSION = YES;
				CLANG_WARN_INFINITE_RECURSION = YES;
				CLANG_WARN_INT_CONVERSION = YES;
				CLANG_WARN_NON_LITERAL_NULL_CONVERSION = YES;
				CLANG_WARN_OBJC_IMPLICIT_RETAIN_SELF = YES;
				CLANG_WARN_OBJC_LITERAL_CONVERSION = YES;
				CLANG_WARN_OBJC_ROOT_CLASS = YES_ERROR;
				CLANG_WARN_QUOTED_INCLUDE_IN_FRAMEWORK_HEADER = YES;
				CLANG_WARN_RANGE_LOOP_ANALYSIS = YES;
				CLANG_WARN_STRICT_PROTOTYPES = YES;
				CLANG_WARN_SUSPICIOUS_MOVE = YES;
				CLANG_WARN_UNGUARDED_AVAILABILITY = YES_AGGRESSIVE;
				CLANG_WARN_UNREACHABLE_CODE = YES;
				CLANG_WARN__DUPLICATE_METHOD_MATCH = YES;
				COPY_PHASE_STRIP = NO;
				DEBUG_INFORMATION_FORMAT = "dwarf-with-dsym";
				ENABLE_NS_ASSERTIONS = NO;
				ENABLE_STRICT_OBJC_MSGSEND = YES;
				GCC_C_LANGUAGE_STANDARD = gnu11;
				GCC_NO_COMMON_BLOCKS = YES;
				GCC_WARN_64_TO_32_BIT_CONVERSION = YES;
				GCC_WARN_ABOUT_RETURN_TYPE = YES_ERROR;
				GCC_WARN_UNDECLARED_SELECTOR = YES;
				GCC_WARN_UNINITIALIZED_AUTOS = YES_AGGRESSIVE;
				GCC_WARN_UNUSED_FUNCTION = YES;
				GCC_WARN_UNUSED_VARIABLE = YES;
				IPHONEOS_DEPLOYMENT_TARGET = 14.5;
				MTL_ENABLE_DEBUG_INFO = NO;
				MTL_FAST_MATH = YES;
				SDKROOT = iphoneos;
				SWIFT_COMPILATION_MODE = wholemodule;
				SWIFT_OPTIMIZATION_LEVEL = "-O";
				VALIDATE_PRODUCT = YES;
			};
			name = Release;
		};
		AAB5386D26E2989700081A28 /* Debug */ = {
			isa = XCBuildConfiguration;
			buildSettings = {
				ASSETCATALOG_COMPILER_APPICON_NAME = AppIcon;
				ASSETCATALOG_COMPILER_GLOBAL_ACCENT_COLOR_NAME = AccentColor;
				CODE_SIGN_ENTITLEMENTS = Budgeter/Budgeter.entitlements;
				CODE_SIGN_STYLE = Automatic;
				CURRENT_PROJECT_VERSION = 2.0;
				DEVELOPMENT_TEAM = XA96DJZ7VH;
				INFOPLIST_FILE = Budgeter/Resources/Info.plist;
				LD_RUNPATH_SEARCH_PATHS = (
					"$(inherited)",
					"@executable_path/Frameworks",
				);
				MARKETING_VERSION = 2.0;
				PRODUCT_BUNDLE_IDENTIFIER = Andersen.Budgeter;
				PRODUCT_NAME = "$(TARGET_NAME)";
				SWIFT_VERSION = 5.0;
				TARGETED_DEVICE_FAMILY = "1,2";
			};
			name = Debug;
		};
		AAB5386E26E2989700081A28 /* Release */ = {
			isa = XCBuildConfiguration;
			buildSettings = {
				ASSETCATALOG_COMPILER_APPICON_NAME = AppIcon;
				ASSETCATALOG_COMPILER_GLOBAL_ACCENT_COLOR_NAME = AccentColor;
				CODE_SIGN_ENTITLEMENTS = Budgeter/Budgeter.entitlements;
				CODE_SIGN_STYLE = Automatic;
				CURRENT_PROJECT_VERSION = 2.0;
				DEVELOPMENT_TEAM = XA96DJZ7VH;
				INFOPLIST_FILE = Budgeter/Resources/Info.plist;
				LD_RUNPATH_SEARCH_PATHS = (
					"$(inherited)",
					"@executable_path/Frameworks",
				);
				MARKETING_VERSION = 2.0;
				PRODUCT_BUNDLE_IDENTIFIER = Andersen.Budgeter;
				PRODUCT_NAME = "$(TARGET_NAME)";
				SWIFT_VERSION = 5.0;
				TARGETED_DEVICE_FAMILY = "1,2";
			};
			name = Release;
		};
/* End XCBuildConfiguration section */

/* Begin XCConfigurationList section */
		AAB5385026E2989600081A28 /* Build configuration list for PBXProject "Budgeter" */ = {
			isa = XCConfigurationList;
			buildConfigurations = (
				AAB5386A26E2989700081A28 /* Debug */,
				AAB5386B26E2989700081A28 /* Release */,
			);
			defaultConfigurationIsVisible = 0;
			defaultConfigurationName = Release;
		};
		AAB5386C26E2989700081A28 /* Build configuration list for PBXNativeTarget "Budgeter" */ = {
			isa = XCConfigurationList;
			buildConfigurations = (
				AAB5386D26E2989700081A28 /* Debug */,
				AAB5386E26E2989700081A28 /* Release */,
			);
			defaultConfigurationIsVisible = 0;
			defaultConfigurationName = Release;
		};
/* End XCConfigurationList section */

/* Begin XCVersionGroup section */
		AAB5386126E2989700081A28 /* Budgeter.xcdatamodeld */ = {
			isa = XCVersionGroup;
			children = (
				AAB5386226E2989700081A28 /* Budgeter.xcdatamodel */,
			);
			currentVersion = AAB5386226E2989700081A28 /* Budgeter.xcdatamodel */;
			path = Budgeter.xcdatamodeld;
			sourceTree = "<group>";
			versionGroupType = wrapper.xcdatamodel;
		};
/* End XCVersionGroup section */
	};
	rootObject = AAB5384D26E2989600081A28 /* Project object */;
}
