PODS:
  - Charts (4.0.3):
    - Charts/Core (= 4.0.3)
  - Charts/Core (4.0.3):
    - SwiftAlgorithms (~> 1.0)
  - SwiftAlgorithms (1.0.0)
  - ViewAnimator (3.1.0)

DEPENDENCIES:
  - Charts
  - ViewAnimator

SPEC REPOS:
  trunk:
    - Charts
    - SwiftAlgorithms
    - ViewAnimator

SPEC CHECKSUMS:
  Charts: d959d6723c8eedfdd0735dfc28cb0a71762ac4d9
  SwiftAlgorithms: 38dda4731d19027fdeee1125f973111bf3386b53
  ViewAnimator: a9ceed80266e00fd435ec4fb99b2df64d580d0e4

PODFILE CHECKSUM: ae2016a1309451ba5711a5d6bd1e73b995c5a1a5

COCOAPODS: 1.11.3
